
Microsoft Visual Studio Solution File, Format Version 12.00
# Visual Studio Version 16
VisualStudioVersion = 16.0.30804.86
MinimumVisualStudioVersion = 10.0.40219.1
Project("{9A19103F-16F7-4668-BE54-9A1E7A4F7556}") = "HotelFinder.Entities", "Hotel\HotelFinder.Entities.csproj", "{AFD7D6A3-B69E-493D-BDDC-DC7AE3E87B63}"
EndProject
Project("{FAE04EC0-301F-11D3-BF4B-00C04F79EFBC}") = "HotelFinder.DataAccess", "HotelFinder.DataAccess\HotelFinder.DataAccess.csproj", "{7E8B628F-39A5-4911-9CD5-50322DCC4A31}"
EndProject
Global
	GlobalSection(SolutionConfigurationPlatforms) = preSolution
		Debug|Any CPU = Debug|Any CPU
		Release|Any CPU = Release|Any CPU
	EndGlobalSection
	GlobalSection(ProjectConfigurationPlatforms) = postSolution
		{AFD7D6A3-B69E-493D-BDDC-DC7AE3E87B63}.Debug|Any CPU.ActiveCfg = Debug|Any CPU
		{AFD7D6A3-B69E-493D-BDDC-DC7AE3E87B63}.Debug|Any CPU.Build.0 = Debug|Any CPU
		{AFD7D6A3-B69E-493D-BDDC-DC7AE3E87B63}.Release|Any CPU.ActiveCfg = Release|Any CPU
		{AFD7D6A3-B69E-493D-BDDC-DC7AE3E87B63}.Release|Any CPU.Build.0 = Release|Any CPU
		{7E8B628F-39A5-4911-9CD5-50322DCC4A31}.Debug|Any CPU.ActiveCfg = Debug|Any CPU
		{7E8B628F-39A5-4911-9CD5-50322DCC4A31}.Debug|Any CPU.Build.0 = Debug|Any CPU
		{7E8B628F-39A5-4911-9CD5-50322DCC4A31}.Release|Any CPU.ActiveCfg = Release|Any CPU
		{7E8B628F-39A5-4911-9CD5-50322DCC4A31}.Release|Any CPU.Build.0 = Release|Any CPU
	EndGlobalSection
	GlobalSection(SolutionProperties) = preSolution
		HideSolutionNode = FALSE
	EndGlobalSection
	GlobalSection(ExtensibilityGlobals) = postSolution
		SolutionGuid = {394E0980-0ED9-4CAE-8312-B18DE3331411}
	EndGlobalSection
EndGlobal
